
Microsoft Visual Studio Solution File, Format Version 12.00
# Visual Studio Version 17
VisualStudioVersion = 17.14.36603.0 d17.14
MinimumVisualStudioVersion = 10.0.40219.1
Project("{FAE04EC0-301F-11D3-BF4B-00C04F79EFBC}") = "Omia.PL", "Omia.PL\Omia.PL.csproj", "{425299B0-69E7-4AB0-AB73-8B57A17C7B50}"
EndProject
Project("{FAE04EC0-301F-11D3-BF4B-00C04F79EFBC}") = "Omia.DAL", "Omia.DAL\Omia.DAL.csproj", "{DB2E02C0-C273-4E91-8ED7-5C67E80DE079}"
EndProject
Project("{FAE04EC0-301F-11D3-BF4B-00C04F79EFBC}") = "Omia.BLL", "Omia.BLL\Omia.BLL.csproj", "{8992B1AF-84B5-415A-B6EA-83DF829E303A}"
EndProject
Global
	GlobalSection(SolutionConfigurationPlatforms) = preSolution
		Debug|Any CPU = Debug|Any CPU
		Release|Any CPU = Release|Any CPU
	EndGlobalSection
	GlobalSection(ProjectConfigurationPlatforms) = postSolution
		{425299B0-69E7-4AB0-AB73-8B57A17C7B50}.Debug|Any CPU.ActiveCfg = Debug|Any CPU
		{425299B0-69E7-4AB0-AB73-8B57A17C7B50}.Debug|Any CPU.Build.0 = Debug|Any CPU
		{425299B0-69E7-4AB0-AB73-8B57A17C7B50}.Release|Any CPU.ActiveCfg = Release|Any CPU
		{425299B0-69E7-4AB0-AB73-8B57A17C7B50}.Release|Any CPU.Build.0 = Release|Any CPU
		{DB2E02C0-C273-4E91-8ED7-5C67E80DE079}.Debug|Any CPU.ActiveCfg = Debug|Any CPU
		{DB2E02C0-C273-4E91-8ED7-5C67E80DE079}.Debug|Any CPU.Build.0 = Debug|Any CPU
		{DB2E02C0-C273-4E91-8ED7-5C67E80DE079}.Release|Any CPU.ActiveCfg = Release|Any CPU
		{DB2E02C0-C273-4E91-8ED7-5C67E80DE079}.Release|Any CPU.Build.0 = Release|Any CPU
		{8992B1AF-84B5-415A-B6EA-83DF829E303A}.Debug|Any CPU.ActiveCfg = Debug|Any CPU
		{8992B1AF-84B5-415A-B6EA-83DF829E303A}.Debug|Any CPU.Build.0 = Debug|Any CPU
		{8992B1AF-84B5-415A-B6EA-83DF829E303A}.Release|Any CPU.ActiveCfg = Release|Any CPU
		{8992B1AF-84B5-415A-B6EA-83DF829E303A}.Release|Any CPU.Build.0 = Release|Any CPU
	EndGlobalSection
	GlobalSection(SolutionProperties) = preSolution
		HideSolutionNode = FALSE
	EndGlobalSection
	GlobalSection(ExtensibilityGlobals) = postSolution
		SolutionGuid = {CE20A5D3-D31C-49C9-A71E-32AA16A71C9C}
	EndGlobalSection
EndGlobal
